// !$*UTF8*$!
{
	archiveVersion = 1;
	classes = {
	};
	objectVersion = 56;
	objects = {

/* Begin PBXBuildFile section */
		/* App Files */
		APP001 /* NoorApp.swift in Sources */ = {isa = PBXBuildFile; fileRef = SRC001; };

		/* Models */
		MOD001 /* PrayerName.swift in Sources */ = {isa = PBXBuildFile; fileRef = SRC002; };
		MOD002 /* AppSettings.swift in Sources */ = {isa = PBXBuildFile; fileRef = SRC003; };

		/* Services */
		SVC001 /* AdhanService.swift in Sources */ = {isa = PBXBuildFile; fileRef = SRC004; };
		SVC002 /* LocationService.swift in Sources */ = {isa = PBXBuildFile; fileRef = SRC005; };
		SVC003 /* NotificationService.swift in Sources */ = {isa = PBXBuildFile; fileRef = SRC006; };

		/* ViewModels */
		VMD001 /* PrayerTimeViewModel.swift in Sources */ = {isa = PBXBuildFile; fileRef = SRC007; };

		/* Views */
		VIW001 /* NoorPanelView.swift in Sources */ = {isa = PBXBuildFile; fileRef = SRC008; };
		VIW002 /* PrayerRowView.swift in Sources */ = {isa = PBXBuildFile; fileRef = SRC009; };
		VIW003 /* PrayerHeroCard.swift in Sources */ = {isa = PBXBuildFile; fileRef = SRC010; };
		VIW004 /* CityPickerView.swift in Sources */ = {isa = PBXBuildFile; fileRef = SRC022; };
		VIW005 /* SettingsView.swift in Sources */ = {isa = PBXBuildFile; fileRef = SRC023; };
		VIW006 /* AzanPickerView.swift in Sources */ = {isa = PBXBuildFile; fileRef = SRC024; };
		VIW007 /* PrayerChecklistView.swift in Sources */ = {isa = PBXBuildFile; fileRef = SRC025; };
		VIW008 /* StatsBarView.swift in Sources */ = {isa = PBXBuildFile; fileRef = SRC026; };
		VIW009 /* StatsCardView.swift in Sources */ = {isa = PBXBuildFile; fileRef = SRC027; };
		VIW010 /* WeeklyCalendarView.swift in Sources */ = {isa = PBXBuildFile; fileRef = SRC028; };
		VIW011 /* AzanAlertView.swift in Sources */ = {isa = PBXBuildFile; fileRef = SRC029; };
		VIW012 /* JadwalTab.swift in Sources */ = {isa = PBXBuildFile; fileRef = SRC030; };
		VIW013 /* SolatkuTab.swift in Sources */ = {isa = PBXBuildFile; fileRef = SRC031; };

		/* Additional Models */
		MOD003 /* AzanOption.swift in Sources */ = {isa = PBXBuildFile; fileRef = SRC011; };
		MOD004 /* City.swift in Sources */ = {isa = PBXBuildFile; fileRef = SRC012; };
		MOD005 /* CoreDataModels.swift in Sources */ = {isa = PBXBuildFile; fileRef = SRC013; };

		/* Additional Services */
		SVC004 /* AzanService.swift in Sources */ = {isa = PBXBuildFile; fileRef = SRC014; };
		SVC005 /* HijriCalendarService.swift in Sources */ = {isa = PBXBuildFile; fileRef = SRC015; };
		SVC006 /* PersistenceController.swift in Sources */ = {isa = PBXBuildFile; fileRef = SRC016; };
		SVC007 /* PrayerLogService.swift in Sources */ = {isa = PBXBuildFile; fileRef = SRC017; };
		SVC008 /* StatsService.swift in Sources */ = {isa = PBXBuildFile; fileRef = SRC018; };
		SVC009 /* AzanAlertWindowController.swift in Sources */ = {isa = PBXBuildFile; fileRef = SRC019; };

		/* Theme */
		THM001 /* NoorColors.swift in Sources */ = {isa = PBXBuildFile; fileRef = SRC020; };

		/* Additional ViewModels */
		VMD002 /* SolatkuViewModel.swift in Sources */ = {isa = PBXBuildFile; fileRef = SRC021; };

		/* Adhan Package */
		ADH001 /* Adhan in Frameworks */ = {isa = PBXBuildFile; productRef = PKGPROD001; };

		/* Additional Resources */
		RESFILE001 /* cities.json in Resources */ = {isa = PBXBuildFile; fileRef = RES_CITIES; };
		RESFILE002 /* AppIcon.png in Resources */ = {isa = PBXBuildFile; fileRef = RES_APPICON; };
		RESFILE003 /* AppIconTransparent.png in Resources */ = {isa = PBXBuildFile; fileRef = RES_APPICON_T; };

		/* Outfit Fonts */
		FNT001 /* Outfit_400Regular.ttf in Resources */ = {isa = PBXBuildFile; fileRef = RES_FONT001; };
		FNT002 /* Outfit_600SemiBold.ttf in Resources */ = {isa = PBXBuildFile; fileRef = RES_FONT002; };
		FNT003 /* Outfit_700Bold.ttf in Resources */ = {isa = PBXBuildFile; fileRef = RES_FONT003; };

		/* Azan Sounds */
		AZN001 /* azan_makkah.mp3 in Resources */ = {isa = PBXBuildFile; fileRef = RES_AZN001; };
		AZN002 /* azan_mishary.mp3 in Resources */ = {isa = PBXBuildFile; fileRef = RES_AZN002; };
		AZN003 /* azan_abdul_basit.mp3 in Resources */ = {isa = PBXBuildFile; fileRef = RES_AZN003; };
		AZN004 /* azan_ahmad_nafees.mp3 in Resources */ = {isa = PBXBuildFile; fileRef = RES_AZN004; };
		AZN005 /* azan_subuh.mp3 in Resources */ = {isa = PBXBuildFile; fileRef = RES_AZN005; };
		AZN006 /* azan_malaysia.mp3 in Resources */ = {isa = PBXBuildFile; fileRef = RES_AZN006; };
		AZN007 /* azan_turkey.mp3 in Resources */ = {isa = PBXBuildFile; fileRef = RES_AZN007; };
		AZN008 /* azan_pakistan.mp3 in Resources */ = {isa = PBXBuildFile; fileRef = RES_AZN008; };
		AZN009 /* azan_bosnia.mp3 in Resources */ = {isa = PBXBuildFile; fileRef = RES_AZN009; };
		AZN010 /* azan_egypt.mp3 in Resources */ = {isa = PBXBuildFile; fileRef = RES_AZN010; };
/* End PBXBuildFile section */

/* Begin PBXFileReference section */
		PRD001 /* Noor.app */ = {isa = PBXFileReference; explicitFileType = wrapper.application; includeInIndex = 0; path = Noor.app; sourceTree = BUILT_PRODUCTS_DIR; };

		/* Source Files */
		SRC001 /* NoorApp.swift */ = {isa = PBXFileReference; lastKnownFileType = sourcecode.swift; path = NoorApp.swift; sourceTree = "<group>"; };
		SRC002 /* PrayerName.swift */ = {isa = PBXFileReference; lastKnownFileType = sourcecode.swift; path = PrayerName.swift; sourceTree = "<group>"; };
		SRC003 /* AppSettings.swift */ = {isa = PBXFileReference; lastKnownFileType = sourcecode.swift; path = AppSettings.swift; sourceTree = "<group>"; };
		SRC004 /* AdhanService.swift */ = {isa = PBXFileReference; lastKnownFileType = sourcecode.swift; path = AdhanService.swift; sourceTree = "<group>"; };
		SRC005 /* LocationService.swift */ = {isa = PBXFileReference; lastKnownFileType = sourcecode.swift; path = LocationService.swift; sourceTree = "<group>"; };
		SRC006 /* NotificationService.swift */ = {isa = PBXFileReference; lastKnownFileType = sourcecode.swift; path = NotificationService.swift; sourceTree = "<group>"; };
		SRC007 /* PrayerTimeViewModel.swift */ = {isa = PBXFileReference; lastKnownFileType = sourcecode.swift; path = PrayerTimeViewModel.swift; sourceTree = "<group>"; };
		SRC008 /* NoorPanelView.swift */ = {isa = PBXFileReference; lastKnownFileType = sourcecode.swift; path = NoorPanelView.swift; sourceTree = "<group>"; };
		SRC009 /* PrayerRowView.swift */ = {isa = PBXFileReference; lastKnownFileType = sourcecode.swift; path = PrayerRowView.swift; sourceTree = "<group>"; };
		SRC010 /* PrayerHeroCard.swift */ = {isa = PBXFileReference; lastKnownFileType = sourcecode.swift; path = PrayerHeroCard.swift; sourceTree = "<group>"; };
		SRC011 /* AzanOption.swift */ = {isa = PBXFileReference; lastKnownFileType = sourcecode.swift; path = AzanOption.swift; sourceTree = "<group>"; };
		SRC012 /* City.swift */ = {isa = PBXFileReference; lastKnownFileType = sourcecode.swift; path = City.swift; sourceTree = "<group>"; };
		SRC013 /* CoreDataModels.swift */ = {isa = PBXFileReference; lastKnownFileType = sourcecode.swift; path = CoreDataModels.swift; sourceTree = "<group>"; };
		SRC014 /* AzanService.swift */ = {isa = PBXFileReference; lastKnownFileType = sourcecode.swift; path = AzanService.swift; sourceTree = "<group>"; };
		SRC015 /* HijriCalendarService.swift */ = {isa = PBXFileReference; lastKnownFileType = sourcecode.swift; path = HijriCalendarService.swift; sourceTree = "<group>"; };
		SRC016 /* PersistenceController.swift */ = {isa = PBXFileReference; lastKnownFileType = sourcecode.swift; path = PersistenceController.swift; sourceTree = "<group>"; };
		SRC017 /* PrayerLogService.swift */ = {isa = PBXFileReference; lastKnownFileType = sourcecode.swift; path = PrayerLogService.swift; sourceTree = "<group>"; };
		SRC018 /* StatsService.swift */ = {isa = PBXFileReference; lastKnownFileType = sourcecode.swift; path = StatsService.swift; sourceTree = "<group>"; };
		SRC019 /* AzanAlertWindowController.swift */ = {isa = PBXFileReference; lastKnownFileType = sourcecode.swift; path = AzanAlertWindowController.swift; sourceTree = "<group>"; };
		SRC020 /* NoorColors.swift */ = {isa = PBXFileReference; lastKnownFileType = sourcecode.swift; path = NoorColors.swift; sourceTree = "<group>"; };
		SRC021 /* SolatkuViewModel.swift */ = {isa = PBXFileReference; lastKnownFileType = sourcecode.swift; path = SolatkuViewModel.swift; sourceTree = "<group>"; };
		SRC022 /* CityPickerView.swift */ = {isa = PBXFileReference; lastKnownFileType = sourcecode.swift; path = CityPickerView.swift; sourceTree = "<group>"; };
		SRC023 /* SettingsView.swift */ = {isa = PBXFileReference; lastKnownFileType = sourcecode.swift; path = SettingsView.swift; sourceTree = "<group>"; };
		SRC024 /* AzanPickerView.swift */ = {isa = PBXFileReference; lastKnownFileType = sourcecode.swift; path = AzanPickerView.swift; sourceTree = "<group>"; };
		SRC025 /* PrayerChecklistView.swift */ = {isa = PBXFileReference; lastKnownFileType = sourcecode.swift; path = PrayerChecklistView.swift; sourceTree = "<group>"; };
		SRC026 /* StatsBarView.swift */ = {isa = PBXFileReference; lastKnownFileType = sourcecode.swift; path = StatsBarView.swift; sourceTree = "<group>"; };
		SRC027 /* StatsCardView.swift */ = {isa = PBXFileReference; lastKnownFileType = sourcecode.swift; path = StatsCardView.swift; sourceTree = "<group>"; };
		SRC028 /* WeeklyCalendarView.swift */ = {isa = PBXFileReference; lastKnownFileType = sourcecode.swift; path = WeeklyCalendarView.swift; sourceTree = "<group>"; };
		SRC029 /* AzanAlertView.swift */ = {isa = PBXFileReference; lastKnownFileType = sourcecode.swift; path = AzanAlertView.swift; sourceTree = "<group>"; };
		SRC030 /* JadwalTab.swift */ = {isa = PBXFileReference; lastKnownFileType = sourcecode.swift; path = JadwalTab.swift; sourceTree = "<group>"; };
		SRC031 /* SolatkuTab.swift */ = {isa = PBXFileReference; lastKnownFileType = sourcecode.swift; path = SolatkuTab.swift; sourceTree = "<group>"; };

		CFG001 /* Info.plist */ = {isa = PBXFileReference; lastKnownFileType = text.plist.xml; path = Info.plist; sourceTree = "<group>"; };
		CFG002 /* Noor.entitlements */ = {isa = PBXFileReference; lastKnownFileType = text.plist.entitlements; path = Noor.entitlements; sourceTree = "<group>"; };

		/* Other Resources */
		RES_CITIES /* cities.json */ = {isa = PBXFileReference; lastKnownFileType = text.json; path = cities.json; sourceTree = "<group>"; };
		RES_APPICON /* AppIcon.png */ = {isa = PBXFileReference; lastKnownFileType = image.png; path = AppIcon.png; sourceTree = "<group>"; };
		RES_APPICON_T /* AppIconTransparent.png */ = {isa = PBXFileReference; lastKnownFileType = image.png; path = AppIconTransparent.png; sourceTree = "<group>"; };

		/* Outfit Font Resources */
		RES_FONT001 /* Outfit_400Regular.ttf */ = {isa = PBXFileReference; lastKnownFileType = file; path = Outfit_400Regular.ttf; sourceTree = "<group>"; };
		RES_FONT002 /* Outfit_600SemiBold.ttf */ = {isa = PBXFileReference; lastKnownFileType = file; path = Outfit_600SemiBold.ttf; sourceTree = "<group>"; };
		RES_FONT003 /* Outfit_700Bold.ttf */ = {isa = PBXFileReference; lastKnownFileType = file; path = Outfit_700Bold.ttf; sourceTree = "<group>"; };

		/* Azan Sound Resources */
		RES_AZN001 /* azan_makkah.mp3 */ = {isa = PBXFileReference; lastKnownFileType = audio.mp3; path = azan_makkah.mp3; sourceTree = "<group>"; };
		RES_AZN002 /* azan_mishary.mp3 */ = {isa = PBXFileReference; lastKnownFileType = audio.mp3; path = azan_mishary.mp3; sourceTree = "<group>"; };
		RES_AZN003 /* azan_abdul_basit.mp3 */ = {isa = PBXFileReference; lastKnownFileType = audio.mp3; path = azan_abdul_basit.mp3; sourceTree = "<group>"; };
		RES_AZN004 /* azan_ahmad_nafees.mp3 */ = {isa = PBXFileReference; lastKnownFileType = audio.mp3; path = azan_ahmad_nafees.mp3; sourceTree = "<group>"; };
		RES_AZN005 /* azan_subuh.mp3 */ = {isa = PBXFileReference; lastKnownFileType = audio.mp3; path = azan_subuh.mp3; sourceTree = "<group>"; };
		RES_AZN006 /* azan_malaysia.mp3 */ = {isa = PBXFileReference; lastKnownFileType = audio.mp3; path = azan_malaysia.mp3; sourceTree = "<group>"; };
		RES_AZN007 /* azan_turkey.mp3 */ = {isa = PBXFileReference; lastKnownFileType = audio.mp3; path = azan_turkey.mp3; sourceTree = "<group>"; };
		RES_AZN008 /* azan_pakistan.mp3 */ = {isa = PBXFileReference; lastKnownFileType = audio.mp3; path = azan_pakistan.mp3; sourceTree = "<group>"; };
		RES_AZN009 /* azan_bosnia.mp3 */ = {isa = PBXFileReference; lastKnownFileType = audio.mp3; path = azan_bosnia.mp3; sourceTree = "<group>"; };
		RES_AZN010 /* azan_egypt.mp3 */ = {isa = PBXFileReference; lastKnownFileType = audio.mp3; path = azan_egypt.mp3; sourceTree = "<group>"; };
/* End PBXFileReference section */

/* Begin PBXFrameworksBuildPhase section */
		FRM001 /* Frameworks */ = {
			isa = PBXFrameworksBuildPhase;
			buildActionMask = 2147483647;
			files = (
				ADH001 /* Adhan in Frameworks */,
			);
			runOnlyForDeploymentPostprocessing = 0;
		};
/* End PBXFrameworksBuildPhase section */

/* Begin PBXGroup section */
		GRP_ROOT = {
			isa = PBXGroup;
			children = (
				GRP_NOOR /* Noor */,
				GRP_PRODUCTS /* Products */,
			);
			sourceTree = "<group>";
		};
		GRP_PRODUCTS /* Products */ = {
			isa = PBXGroup;
			children = (
				PRD001 /* Noor.app */,
			);
			name = Products;
			sourceTree = "<group>";
		};
		GRP_NOOR /* Noor */ = {
			isa = PBXGroup;
			children = (
				SRC001 /* NoorApp.swift */,
				GRP_MODELS /* Models */,
				GRP_SERVICES /* Services */,
				GRP_THEME /* Theme */,
				GRP_VIEWMODELS /* ViewModels */,
				GRP_VIEWS /* Views */,
				GRP_RESOURCES /* Resources */,
				CFG001 /* Info.plist */,
				CFG002 /* Noor.entitlements */,
			);
			path = Noor;
			sourceTree = "<group>";
		};
		GRP_MODELS /* Models */ = {
			isa = PBXGroup;
			children = (
				SRC002 /* PrayerName.swift */,
				SRC003 /* AppSettings.swift */,
				SRC011 /* AzanOption.swift */,
				SRC012 /* City.swift */,
				SRC013 /* CoreDataModels.swift */,
			);
			path = Models;
			sourceTree = "<group>";
		};
		GRP_SERVICES /* Services */ = {
			isa = PBXGroup;
			children = (
				SRC004 /* AdhanService.swift */,
				SRC005 /* LocationService.swift */,
				SRC006 /* NotificationService.swift */,
				SRC014 /* AzanService.swift */,
				SRC015 /* HijriCalendarService.swift */,
				SRC016 /* PersistenceController.swift */,
				SRC017 /* PrayerLogService.swift */,
				SRC018 /* StatsService.swift */,
				SRC019 /* AzanAlertWindowController.swift */,
			);
			path = Services;
			sourceTree = "<group>";
		};
		GRP_THEME /* Theme */ = {
			isa = PBXGroup;
			children = (
				SRC020 /* NoorColors.swift */,
			);
			path = Theme;
			sourceTree = "<group>";
		};
		GRP_VIEWMODELS /* ViewModels */ = {
			isa = PBXGroup;
			children = (
				SRC007 /* PrayerTimeViewModel.swift */,
				SRC021 /* SolatkuViewModel.swift */,
			);
			path = ViewModels;
			sourceTree = "<group>";
		};
		GRP_VIEWS /* Views */ = {
			isa = PBXGroup;
			children = (
				SRC008 /* NoorPanelView.swift */,
				SRC009 /* PrayerRowView.swift */,
				SRC010 /* PrayerHeroCard.swift */,
				SRC022 /* CityPickerView.swift */,
				SRC023 /* SettingsView.swift */,
				GRP_COMPONENTS /* Components */,
				GRP_TABS /* Tabs */,
			);
			path = Views;
			sourceTree = "<group>";
		};
		GRP_COMPONENTS /* Components */ = {
			isa = PBXGroup;
			children = (
				SRC024 /* AzanPickerView.swift */,
				SRC025 /* PrayerChecklistView.swift */,
				SRC026 /* StatsBarView.swift */,
				SRC027 /* StatsCardView.swift */,
				SRC028 /* WeeklyCalendarView.swift */,
				SRC029 /* AzanAlertView.swift */,
			);
			path = Components;
			sourceTree = "<group>";
		};
		GRP_TABS /* Tabs */ = {
			isa = PBXGroup;
			children = (
				SRC030 /* JadwalTab.swift */,
				SRC031 /* SolatkuTab.swift */,
			);
			path = Tabs;
			sourceTree = "<group>";
		};
		GRP_RESOURCES /* Resources */ = {
			isa = PBXGroup;
			children = (
				GRP_AZAN /* Azan */,
				GRP_FONTS /* Fonts */,
				RES_CITIES /* cities.json */,
				RES_APPICON /* AppIcon.png */,
				RES_APPICON_T /* AppIconTransparent.png */,
			);
			path = Resources;
			sourceTree = "<group>";
		};
		GRP_FONTS /* Fonts */ = {
			isa = PBXGroup;
			children = (
				RES_FONT001 /* Outfit_400Regular.ttf */,
				RES_FONT002 /* Outfit_600SemiBold.ttf */,
				RES_FONT003 /* Outfit_700Bold.ttf */,
			);
			path = Fonts;
			sourceTree = "<group>";
		};
		GRP_AZAN /* Azan */ = {
			isa = PBXGroup;
			children = (
				RES_AZN001 /* azan_makkah.mp3 */,
				RES_AZN002 /* azan_mishary.mp3 */,
				RES_AZN003 /* azan_abdul_basit.mp3 */,
				RES_AZN004 /* azan_ahmad_nafees.mp3 */,
				RES_AZN005 /* azan_subuh.mp3 */,
				RES_AZN006 /* azan_malaysia.mp3 */,
				RES_AZN007 /* azan_turkey.mp3 */,
				RES_AZN008 /* azan_pakistan.mp3 */,
				RES_AZN009 /* azan_bosnia.mp3 */,
				RES_AZN010 /* azan_egypt.mp3 */,
			);
			path = Azan;
			sourceTree = "<group>";
		};
/* End PBXGroup section */

/* Begin PBXNativeTarget section */
		TGT001 /* Noor */ = {
			isa = PBXNativeTarget;
			buildConfigurationList = BCL_TARGET;
			buildPhases = (
				SRC_PHASE /* Sources */,
				FRM001 /* Frameworks */,
				RES001 /* Resources */,
			);
			buildRules = (
			);
			dependencies = (
			);
			name = Noor;
			packageProductDependencies = (
				PKGPROD001 /* Adhan */,
			);
			productName = Noor;
			productReference = PRD001 /* Noor.app */;
			productType = "com.apple.product-type.application";
		};
/* End PBXNativeTarget section */

/* Begin PBXProject section */
		PRJ001 /* Project object */ = {
			isa = PBXProject;
			attributes = {
				BuildIndependentTargetsInParallel = 1;
				LastSwiftUpdateCheck = 1600;
				LastUpgradeCheck = 1600;
			};
			buildConfigurationList = BCL_PROJECT;
			compatibilityVersion = "Xcode 14.0";
			developmentRegion = en;
			hasScannedForEncodings = 0;
			knownRegions = (
				en,
				Base,
			);
			mainGroup = GRP_ROOT;
			packageReferences = (
				PKGREF001 /* XCLocalSwiftPackageReference "adhan-swift" */,
			);
			productRefGroup = GRP_PRODUCTS /* Products */;
			projectDirPath = "";
			projectRoot = "";
			targets = (
				TGT001 /* Noor */,
			);
		};
/* End PBXProject section */

/* Begin XCLocalSwiftPackageReference section */
		PKGREF001 /* XCLocalSwiftPackageReference "adhan-swift" */ = {
			isa = XCLocalSwiftPackageReference;
			relativePath = "adhan-swift";
		};
/* End XCLocalSwiftPackageReference section */

/* Begin XCSwiftPackageProductDependency section */
		PKGPROD001 /* Adhan */ = {
			isa = XCSwiftPackageProductDependency;
			productName = Adhan;
		};
/* End XCSwiftPackageProductDependency section */

/* Begin PBXResourcesBuildPhase section */
		RES001 /* Resources */ = {
			isa = PBXResourcesBuildPhase;
			buildActionMask = 2147483647;
			files = (
				RESFILE001 /* cities.json in Resources */,
				RESFILE002 /* AppIcon.png in Resources */,
				RESFILE003 /* AppIconTransparent.png in Resources */,
				FNT001 /* Outfit_400Regular.ttf in Resources */,
				FNT002 /* Outfit_600SemiBold.ttf in Resources */,
				FNT003 /* Outfit_700Bold.ttf in Resources */,
				AZN001 /* azan_makkah.mp3 in Resources */,
				AZN002 /* azan_mishary.mp3 in Resources */,
				AZN003 /* azan_abdul_basit.mp3 in Resources */,
				AZN004 /* azan_ahmad_nafees.mp3 in Resources */,
				AZN005 /* azan_subuh.mp3 in Resources */,
				AZN006 /* azan_malaysia.mp3 in Resources */,
				AZN007 /* azan_turkey.mp3 in Resources */,
				AZN008 /* azan_pakistan.mp3 in Resources */,
				AZN009 /* azan_bosnia.mp3 in Resources */,
				AZN010 /* azan_egypt.mp3 in Resources */,
			);
			runOnlyForDeploymentPostprocessing = 0;
		};
/* End PBXResourcesBuildPhase section */

/* Begin PBXSourcesBuildPhase section */
		SRC_PHASE /* Sources */ = {
			isa = PBXSourcesBuildPhase;
			buildActionMask = 2147483647;
			files = (
				APP001 /* NoorApp.swift in Sources */,
				MOD001 /* PrayerName.swift in Sources */,
				MOD002 /* AppSettings.swift in Sources */,
				SVC001 /* AdhanService.swift in Sources */,
				SVC002 /* LocationService.swift in Sources */,
				SVC003 /* NotificationService.swift in Sources */,
				VMD001 /* PrayerTimeViewModel.swift in Sources */,
				VIW001 /* NoorPanelView.swift in Sources */,
				VIW002 /* PrayerRowView.swift in Sources */,
				VIW003 /* PrayerHeroCard.swift in Sources */,
				MOD003 /* AzanOption.swift in Sources */,
				MOD004 /* City.swift in Sources */,
				MOD005 /* CoreDataModels.swift in Sources */,
				SVC004 /* AzanService.swift in Sources */,
				SVC005 /* HijriCalendarService.swift in Sources */,
				SVC006 /* PersistenceController.swift in Sources */,
				SVC007 /* PrayerLogService.swift in Sources */,
				SVC008 /* StatsService.swift in Sources */,
				SVC009 /* AzanAlertWindowController.swift in Sources */,
				THM001 /* NoorColors.swift in Sources */,
				VMD002 /* SolatkuViewModel.swift in Sources */,
				VIW004 /* CityPickerView.swift in Sources */,
				VIW005 /* SettingsView.swift in Sources */,
				VIW006 /* AzanPickerView.swift in Sources */,
				VIW007 /* PrayerChecklistView.swift in Sources */,
				VIW008 /* StatsBarView.swift in Sources */,
				VIW009 /* StatsCardView.swift in Sources */,
				VIW010 /* WeeklyCalendarView.swift in Sources */,
				VIW011 /* AzanAlertView.swift in Sources */,
				VIW012 /* JadwalTab.swift in Sources */,
				VIW013 /* SolatkuTab.swift in Sources */,
			);
			runOnlyForDeploymentPostprocessing = 0;
		};
/* End PBXSourcesBuildPhase section */

/* Begin XCBuildConfiguration section */
		CFG_DEBUG /* Debug */ = {
			isa = XCBuildConfiguration;
			buildSettings = {
				ALWAYS_SEARCH_USER_PATHS = NO;
				CLANG_ANALYZER_NONNULL = YES;
				CLANG_CXX_LANGUAGE_STANDARD = "gnu++20";
				CLANG_ENABLE_MODULES = YES;
				CLANG_ENABLE_OBJC_ARC = YES;
				COPY_PHASE_STRIP = NO;
				DEBUG_INFORMATION_FORMAT = dwarf;
				ENABLE_STRICT_OBJC_MSGSEND = YES;
				ENABLE_TESTABILITY = YES;
				GCC_DYNAMIC_NO_PIC = NO;
				GCC_OPTIMIZATION_LEVEL = 0;
				GCC_PREPROCESSOR_DEFINITIONS = (
					"DEBUG=1",
					"$(inherited)",
				);
				GCC_WARN_64_TO_32_BIT_CONVERSION = YES;
				GCC_WARN_ABOUT_RETURN_TYPE = YES_ERROR;
				GCC_WARN_UNDECLARED_SELECTOR = YES;
				GCC_WARN_UNINITIALIZED_AUTOS = YES_AGGRESSIVE;
				GCC_WARN_UNUSED_FUNCTION = YES;
				GCC_WARN_UNUSED_VARIABLE = YES;
				MACOSX_DEPLOYMENT_TARGET = 14.0;
				MTL_ENABLE_DEBUG_INFO = INCLUDE_SOURCE;
				MTL_FAST_MATH = YES;
				ONLY_ACTIVE_ARCH = YES;
				SDKROOT = macosx;
				SWIFT_ACTIVE_COMPILATION_CONDITIONS = DEBUG;
				SWIFT_OPTIMIZATION_LEVEL = "-Onone";
			};
			name = Debug;
		};
		CFG_RELEASE /* Release */ = {
			isa = XCBuildConfiguration;
			buildSettings = {
				ALWAYS_SEARCH_USER_PATHS = NO;
				CLANG_ANALYZER_NONNULL = YES;
				CLANG_CXX_LANGUAGE_STANDARD = "gnu++20";
				CLANG_ENABLE_MODULES = YES;
				CLANG_ENABLE_OBJC_ARC = YES;
				COPY_PHASE_STRIP = NO;
				DEBUG_INFORMATION_FORMAT = "dwarf-with-dsym";
				ENABLE_NS_ASSERTIONS = NO;
				ENABLE_STRICT_OBJC_MSGSEND = YES;
				GCC_WARN_64_TO_32_BIT_CONVERSION = YES;
				GCC_WARN_ABOUT_RETURN_TYPE = YES_ERROR;
				GCC_WARN_UNDECLARED_SELECTOR = YES;
				GCC_WARN_UNINITIALIZED_AUTOS = YES_AGGRESSIVE;
				GCC_WARN_UNUSED_FUNCTION = YES;
				GCC_WARN_UNUSED_VARIABLE = YES;
				MACOSX_DEPLOYMENT_TARGET = 14.0;
				MTL_ENABLE_DEBUG_INFO = NO;
				MTL_FAST_MATH = YES;
				SDKROOT = macosx;
				SWIFT_COMPILATION_MODE = wholemodule;
				SWIFT_OPTIMIZATION_LEVEL = "-O";
			};
			name = Release;
		};
		CFG_TARGET_DEBUG /* Debug */ = {
			isa = XCBuildConfiguration;
			buildSettings = {
				ASSETCATALOG_COMPILER_APPICON_NAME = AppIcon;
				CODE_SIGN_ENTITLEMENTS = Noor/Noor.entitlements;
				CODE_SIGN_STYLE = Automatic;
				COMBINE_HIDPI_IMAGES = YES;
				CURRENT_PROJECT_VERSION = 1;
				GENERATE_INFOPLIST_FILE = NO;
				INFOPLIST_FILE = Noor/Info.plist;
				LD_RUNPATH_SEARCH_PATHS = (
					"$(inherited)",
					"@executable_path/../Frameworks",
				);
				MARKETING_VERSION = 1.0.0;
				PRODUCT_BUNDLE_IDENTIFIER = com.noor.app;
				PRODUCT_NAME = "$(TARGET_NAME)";
				SWIFT_EMIT_LOC_STRINGS = YES;
				SWIFT_VERSION = 5.0;
			};
			name = Debug;
		};
		CFG_TARGET_RELEASE /* Release */ = {
			isa = XCBuildConfiguration;
			buildSettings = {
				ASSETCATALOG_COMPILER_APPICON_NAME = AppIcon;
				CODE_SIGN_ENTITLEMENTS = Noor/Noor.entitlements;
				CODE_SIGN_STYLE = Automatic;
				COMBINE_HIDPI_IMAGES = YES;
				CURRENT_PROJECT_VERSION = 1;
				GENERATE_INFOPLIST_FILE = NO;
				INFOPLIST_FILE = Noor/Info.plist;
				LD_RUNPATH_SEARCH_PATHS = (
					"$(inherited)",
					"@executable_path/../Frameworks",
				);
				MARKETING_VERSION = 1.0.0;
				PRODUCT_BUNDLE_IDENTIFIER = com.noor.app;
				PRODUCT_NAME = "$(TARGET_NAME)";
				SWIFT_EMIT_LOC_STRINGS = YES;
				SWIFT_VERSION = 5.0;
			};
			name = Release;
		};
/* End XCBuildConfiguration section */

/* Begin XCConfigurationList section */
		BCL_PROJECT /* Build configuration list for PBXProject "Noor" */ = {
			isa = XCConfigurationList;
			buildConfigurations = (
				CFG_DEBUG /* Debug */,
				CFG_RELEASE /* Release */,
			);
			defaultConfigurationIsVisible = 0;
			defaultConfigurationName = Release;
		};
		BCL_TARGET /* Build configuration list for PBXNativeTarget "Noor" */ = {
			isa = XCConfigurationList;
			buildConfigurations = (
				CFG_TARGET_DEBUG /* Debug */,
				CFG_TARGET_RELEASE /* Release */,
			);
			defaultConfigurationIsVisible = 0;
			defaultConfigurationName = Release;
		};
/* End XCConfigurationList section */
	};
	rootObject = PRJ001 /* Project object */;
}
